github.com/StackExchange/wmi v0.0.0-20190523213315-cbe66965904d h1:G0m3OIz70MZUWq3EgK3CesDbo8upS2Vm9/P3FtgI+Jk=
github.com/StackExchange/wmi v0.0.0-20190523213315-cbe66965904d/go.mod h1:3eOhrUMpNV+6aFIbp5/iudMxNCF27Vw2OZgy4xEx0Fg=
github.com/davecgh/go-spew v1.1.0/go.mod h1:J7Y8YcW2NihsgmVo/mv3lAwl/skON4iLHjSsI+c5H38=
github.com/davecgh/go-spew v1.1.1 h1:vj9j/u1bqnvCEfJOwUhtlOARqs3+rkHYY13jYWTU97c=
github.com/davecgh/go-spew v1.1.1/go.mod h1:J7Y8YcW2NihsgmVo/mv3lAwl/skON4iLHjSsI+c5H38=
github.com/go-ole/go-ole v1.2.4 h1:nNBDSCOigTSiarFpYE9J/KtEA1IOW4CNeqT9TQDqCxI=
github.com/go-ole/go-ole v1.2.4/go.mod h1:XCwSNxSkXRo4vlyPy93sltvi/qJq0jqQhjqQNIwKuxM=
github.com/google/gops v0.3.14 h1:4Gpv4sABlEsVqrtKxiSynzD0//kzjTIUwUm5UgkGILI=
github.com/google/gops v0.3.14/go.mod h1:zjT9F4XsKzazOvdVad3+Zwga79UHKziX3r9TN05rVN8=
github.com/google/uuid v1.1.1 h1:Gkbcsh/GbpXz7lPftLA3P6TYMwjCLYm83jiFQZF/3gY=
github.com/google/uuid v1.1.1/go.mod h1:TIyPZe4MgqvfeYDBFedMoGGpEw/LqOeaOT+nhxU+yHo=
github.com/hashicorp/go-cleanhttp v0.5.1 h1:dH3aiDG9Jvb5r5+bYHsikaOUIpcM0xvgMXVoDkXMzJM=
github.com/hashicorp/go-cleanhttp v0.5.1/go.mod h1:JpRdi6/HCYpAwUzNwuwqhbovhLtngrth3wmdIIUrZ80=
github.com/hashicorp/go-hclog v0.9.2/go.mod h1:5CU+agLiy3J7N7QjHK5d05KxGsuXiQLrjA0H7acj2lQ=
github.com/hashicorp/go-retryablehttp v0.6.7 h1:8/CAEZt/+F7kR7GevNHulKkUjLht3CPmn7egmhieNKo=
github.com/hashicorp/go-retryablehttp v0.6.7/go.mod h1:vAew36LZh98gCBJNLH42IQ1ER/9wtLZZ8meHqQvEYWY=
github.com/keybase/go-ps v0.0.0-20190827175125-91aafc93ba19 h1:WjT3fLi9n8YWh/Ih8Q1LHAPsTqGddPcHqscN+PJ3i68=
github.com/keybase/go-ps v0.0.0-20190827175125-91aafc93ba19/go.mod h1:hY+WOq6m2FpbvyrI93sMaypsttvaIL5nhVR92dTMUcQ=
github.com/konsorten/go-windows-terminal-sequences v1.0.3/go.mod h1:T0+1ngSBFLxvqU3pZ+m/2kptfBszLMUkC4ZK/EgS/cQ=
github.com/palantir/stacktrace v0.0.0-20161112013806-78658fd2d177 h1:nRlQD0u1871kaznCnn1EvYiMbum36v7hw1DLPEjds4o=
github.com/palantir/stacktrace v0.0.0-20161112013806-78658fd2d177/go.mod h1:ao5zGxj8Z4x60IOVYZUbDSmt3R8Ddo080vEgPosHpak=
github.com/pmezard/go-difflib v1.0.0 h1:4DBwDE0NGyQoBHbLQYPwSUPoCMWR5BEzIk/f1lZbAQM=
github.com/pmezard/go-difflib v1.0.0/go.mod h1:iKH77koFhYxTK1pcRnkKkqfTogsbg7gZNVY4sRDYZ/4=
github.com/powerman/rpc-codec v1.2.2 h1:BK0JScZivljhwW/vLLhZLtUgqSxc/CD3sHEs8LiwwKw=
github.com/powerman/rpc-codec v1.2.2/go.mod h1:3Qr/y/+u3CwcSww9tfJMRn/95lB2qUdUeIQe7BYlLDo=
github.com/shirou/gopsutil v2.20.4+incompatible h1:cMT4rxS55zx9NVUnCkrmXCsEB/RNfG9SwHY9evtX8Ng=
github.com/shirou/gopsutil v2.20.4+incompatible/go.mod h1:5b4v6he4MtMOwMlS0TUMTu2PcXUg8+E1lC7eC3UO/RA=
github.com/sirupsen/logrus v1.6.0 h1:UBcNElsrwanuuMsnGSlYmtmgbb23qDR5dG+6X6Oo89I=
github.com/sirupsen/logrus v1.6.0/go.mod h1:7uNnSEd1DgxDLC74fIahvMZmmYsHGZGEOFrfsX/uA88=
github.com/stretchr/objx v0.1.0/go.mod h1:HFkY916IF+rwdDfMAkV7OtwuqBVzrE8GR6GFx+wExME=
github.com/stretchr/testify v1.2.2 h1:bSDNvY7ZPG5RlJ8otE/7V6gMiyenm9RtJ7IUVIAoJ1w=
github.com/stretchr/testify v1.2.2/go.mod h1:a8OnRcib4nhh0OaRAV+Yts87kKdq0PP7pXfy6kDkUVs=
github.com/stretchr/testify v1.3.0/go.mod h1:M5WIy9Dh21IEIfnGCwXGc5bZfKNJtfHm1UVUgZn+9EI=
github.com/xlab/treeprint v1.0.0 h1:J0TkWtiuYgtdlrkkrDLISYBQ92M+X5m4LrIIMKrbDTs=
github.com/xlab/treeprint v1.0.0/go.mod h1:IoImgRak9i3zJyuxOKUP1v4UZd1tMoKkq/Cimt1uhCg=
golang.org/x/sys v0.0.0-20190422165155-953cdadca894 h1:Cz4ceDQGXuKRnVBDTS23GTn/pU5OE2C0WrNTOYK1Uuc=
golang.org/x/sys v0.0.0-20190422165155-953cdadca894/go.mod h1:h1NjWce9XRLGQEsW7wpKNCjG9DtNlClVuFLEZdDNbEs=
golang.org/x/sys v0.0.0-20201207223542-d4d67f95c62d h1:MiWWjyhUzZ+jvhZvloX6ZrUsdEghn8a64Upd8EMHglE=
golang.org/x/sys v0.0.0-20201207223542-d4d67f95c62d/go.mod h1:h1NjWce9XRLGQEsW7wpKNCjG9DtNlClVuFLEZdDNbEs=
rsc.io/goversion v1.2.0 h1:SPn+NLTiAG7w30IRK/DKp1BjvpWabYgxlLp/+kx5J8w=
rsc.io/goversion v1.2.0/go.mod h1:Eih9y/uIBS3ulggl7KNJ09xGSLcuNaLgmvvqa07sgfo=
